
Microsoft Visual Studio Solution File, Format Version 12.00
# Visual Studio Version 17
VisualStudioVersion = 17.4.33122.133
MinimumVisualStudioVersion = 10.0.40219.1
Project("{FAE04EC0-301F-11D3-BF4B-00C04F79EFBC}") = "MVCProjeKampi", "MVCProjeKampi\MVCProjeKampi.csproj", "{E095AA15-A027-4AEF-8C24-1480AF66C601}"
EndProject
Project("{FAE04EC0-301F-11D3-BF4B-00C04F79EFBC}") = "EntityLayer", "EntityLayer\EntityLayer.csproj", "{79827214-1D06-44A8-AF28-30D0D4534E2B}"
EndProject
Project("{FAE04EC0-301F-11D3-BF4B-00C04F79EFBC}") = "DataAccessLayer", "DataAccessLayer\DataAccessLayer.csproj", "{397C436B-B673-43C3-89A8-16B4B940D2AE}"
EndProject
Project("{FAE04EC0-301F-11D3-BF4B-00C04F79EFBC}") = "BusinessLayer", "BusinessLayer\BusinessLayer.csproj", "{DBA5C618-07DE-4FE7-90BF-CE78EAFB0CDB}"
EndProject
Global
	GlobalSection(SolutionConfigurationPlatforms) = preSolution
		Debug|Any CPU = Debug|Any CPU
		Release|Any CPU = Release|Any CPU
	EndGlobalSection
	GlobalSection(ProjectConfigurationPlatforms) = postSolution
		{E095AA15-A027-4AEF-8C24-1480AF66C601}.Debug|Any CPU.ActiveCfg = Debug|Any CPU
		{E095AA15-A027-4AEF-8C24-1480AF66C601}.Debug|Any CPU.Build.0 = Debug|Any CPU
		{E095AA15-A027-4AEF-8C24-1480AF66C601}.Release|Any CPU.ActiveCfg = Release|Any CPU
		{E095AA15-A027-4AEF-8C24-1480AF66C601}.Release|Any CPU.Build.0 = Release|Any CPU
		{79827214-1D06-44A8-AF28-30D0D4534E2B}.Debug|Any CPU.ActiveCfg = Debug|Any CPU
		{79827214-1D06-44A8-AF28-30D0D4534E2B}.Debug|Any CPU.Build.0 = Debug|Any CPU
		{79827214-1D06-44A8-AF28-30D0D4534E2B}.Release|Any CPU.ActiveCfg = Release|Any CPU
		{79827214-1D06-44A8-AF28-30D0D4534E2B}.Release|Any CPU.Build.0 = Release|Any CPU
		{397C436B-B673-43C3-89A8-16B4B940D2AE}.Debug|Any CPU.ActiveCfg = Debug|Any CPU
		{397C436B-B673-43C3-89A8-16B4B940D2AE}.Debug|Any CPU.Build.0 = Debug|Any CPU
		{397C436B-B673-43C3-89A8-16B4B940D2AE}.Release|Any CPU.ActiveCfg = Release|Any CPU
		{397C436B-B673-43C3-89A8-16B4B940D2AE}.Release|Any CPU.Build.0 = Release|Any CPU
		{DBA5C618-07DE-4FE7-90BF-CE78EAFB0CDB}.Debug|Any CPU.ActiveCfg = Debug|Any CPU
		{DBA5C618-07DE-4FE7-90BF-CE78EAFB0CDB}.Debug|Any CPU.Build.0 = Debug|Any CPU
		{DBA5C618-07DE-4FE7-90BF-CE78EAFB0CDB}.Release|Any CPU.ActiveCfg = Release|Any CPU
		{DBA5C618-07DE-4FE7-90BF-CE78EAFB0CDB}.Release|Any CPU.Build.0 = Release|Any CPU
	EndGlobalSection
	GlobalSection(SolutionProperties) = preSolution
		HideSolutionNode = FALSE
	EndGlobalSection
	GlobalSection(ExtensibilityGlobals) = postSolution
		SolutionGuid = {8150D246-AF8E-45DD-A6EE-9645F7778732}
	EndGlobalSection
EndGlobal
